PODS:
  - Flutter (3.0.0)
  - flutter_compass (0.0.1):
    - Flutter
  - "permission_handler (5.1.0+2)":
    - Flutter

DEPENDENCIES:
  - flutter_compass (from `/Users/chengbin/Desktop/WJDemo/FlutterDemo/flutter_compass/ios`)
  - permission_handler (from `/Users/chengbin/flutter/.pub-cache/hosted/pub.flutter-io.cn/permission_handler-6.1.3/ios`)

SPEC REPOS:
  trunk:
    - Flutter

EXTERNAL SOURCES:
  flutter_compass:
    :path: "/Users/chengbin/Desktop/WJDemo/FlutterDemo/flutter_compass/ios"
  permission_handler:
    :path: "/Users/chengbin/flutter/.pub-cache/hosted/pub.flutter-io.cn/permission_handler-6.1.3/ios"

SPEC CHECKSUMS:
  Flutter: aef388869c2d2beecc8df50c818fa66e9c6eb1fb
  flutter_compass: cbbd285cea1584c7ac9c4e0c3e1f17cbea55e855
  permission_handler: ccb20a9fad0ee9b1314a52b70b76b473c5f8dab0

PODFILE CHECKSUM: 0d45df980d7db02baaab5d156c3430ca92c68898

COCOAPODS: 1.11.2
